
Microsoft Visual Studio Solution File, Format Version 12.00
# Visual Studio Version 16
VisualStudioVersion = 16.0.31605.320
MinimumVisualStudioVersion = 10.0.40219.1
Project("{9A19103F-16F7-4668-BE54-9A1E7A4F7556}") = "Tixone.GenericFactory", "Tixone.GenericFactory.csproj", "{247641B0-8987-46BE-9F0A-DDBE1D41472C}"
EndProject
Project("{FAE04EC0-301F-11D3-BF4B-00C04F79EFBC}") = "Implementation", "..\ConsoleApp1\Implementation.csproj", "{275E9456-FDAF-436F-855A-E3A66B767FD8}"
EndProject
Global
	GlobalSection(SolutionConfigurationPlatforms) = preSolution
		Debug|Any CPU = Debug|Any CPU
		Release|Any CPU = Release|Any CPU
	EndGlobalSection
	GlobalSection(ProjectConfigurationPlatforms) = postSolution
		{247641B0-8987-46BE-9F0A-DDBE1D41472C}.Debug|Any CPU.ActiveCfg = Debug|Any CPU
		{247641B0-8987-46BE-9F0A-DDBE1D41472C}.Debug|Any CPU.Build.0 = Debug|Any CPU
		{247641B0-8987-46BE-9F0A-DDBE1D41472C}.Release|Any CPU.ActiveCfg = Release|Any CPU
		{247641B0-8987-46BE-9F0A-DDBE1D41472C}.Release|Any CPU.Build.0 = Release|Any CPU
		{275E9456-FDAF-436F-855A-E3A66B767FD8}.Debug|Any CPU.ActiveCfg = Debug|Any CPU
		{275E9456-FDAF-436F-855A-E3A66B767FD8}.Debug|Any CPU.Build.0 = Debug|Any CPU
		{275E9456-FDAF-436F-855A-E3A66B767FD8}.Release|Any CPU.ActiveCfg = Release|Any CPU
		{275E9456-FDAF-436F-855A-E3A66B767FD8}.Release|Any CPU.Build.0 = Release|Any CPU
	EndGlobalSection
	GlobalSection(SolutionProperties) = preSolution
		HideSolutionNode = FALSE
	EndGlobalSection
	GlobalSection(ExtensibilityGlobals) = postSolution
		SolutionGuid = {504C735A-7BE0-4C9D-BB54-D7FCDD83C0DE}
	EndGlobalSection
EndGlobal
